
Microsoft Visual Studio Solution File, Format Version 11.00
# Visual Studio 2010
Project("{FAE04EC0-301F-11D3-BF4B-00C04F79EFBC}") = "Euler_20_tests", "Euler_20_tests\Euler_20_tests.csproj", "{4ABCABDF-CD4C-4970-AAD9-0EBA563DEA57}"
EndProject
Project("{FAE04EC0-301F-11D3-BF4B-00C04F79EFBC}") = "Euler_20", "Euler_20\Euler_20.csproj", "{611814B8-5FD9-4922-A9F4-C2A829182373}"
EndProject
Global
	GlobalSection(SolutionConfigurationPlatforms) = preSolution
		Debug|Any CPU = Debug|Any CPU
		Release|Any CPU = Release|Any CPU
	EndGlobalSection
	GlobalSection(ProjectConfigurationPlatforms) = postSolution
		{4ABCABDF-CD4C-4970-AAD9-0EBA563DEA57}.Debug|Any CPU.ActiveCfg = Debug|Any CPU
		{4ABCABDF-CD4C-4970-AAD9-0EBA563DEA57}.Debug|Any CPU.Build.0 = Debug|Any CPU
		{4ABCABDF-CD4C-4970-AAD9-0EBA563DEA57}.Release|Any CPU.ActiveCfg = Release|Any CPU
		{4ABCABDF-CD4C-4970-AAD9-0EBA563DEA57}.Release|Any CPU.Build.0 = Release|Any CPU
		{611814B8-5FD9-4922-A9F4-C2A829182373}.Debug|Any CPU.ActiveCfg = Debug|Any CPU
		{611814B8-5FD9-4922-A9F4-C2A829182373}.Debug|Any CPU.Build.0 = Debug|Any CPU
		{611814B8-5FD9-4922-A9F4-C2A829182373}.Release|Any CPU.ActiveCfg = Release|Any CPU
		{611814B8-5FD9-4922-A9F4-C2A829182373}.Release|Any CPU.Build.0 = Release|Any CPU
	EndGlobalSection
	GlobalSection(SolutionProperties) = preSolution
		HideSolutionNode = FALSE
	EndGlobalSection
EndGlobal
