
Microsoft Visual Studio Solution File, Format Version 11.00
# Visual Studio 2010
Project("{FAE04EC0-301F-11D3-BF4B-00C04F79EFBC}") = "SieveOfEratosthenes", "SieveOfEratosthenes.csproj", "{F247F6AF-F4A4-47D4-A4ED-F88106CCC0FE}"
EndProject
Project("{FAE04EC0-301F-11D3-BF4B-00C04F79EFBC}") = "Tests", "..\Tests\Tests.csproj", "{D233F5EA-0FC1-47FA-9260-5894EE0319C8}"
EndProject
Project("{FAE04EC0-301F-11D3-BF4B-00C04F79EFBC}") = "SieveHarness", "SieveHarness\SieveHarness.csproj", "{9D73A240-A7A4-4B55-ADB6-8041C81D204C}"
EndProject
Global
	GlobalSection(SolutionConfigurationPlatforms) = preSolution
		Debug|Any CPU = Debug|Any CPU
		Debug|Mixed Platforms = Debug|Mixed Platforms
		Debug|x86 = Debug|x86
		Release|Any CPU = Release|Any CPU
		Release|Mixed Platforms = Release|Mixed Platforms
		Release|x86 = Release|x86
	EndGlobalSection
	GlobalSection(ProjectConfigurationPlatforms) = postSolution
		{F247F6AF-F4A4-47D4-A4ED-F88106CCC0FE}.Debug|Any CPU.ActiveCfg = Debug|Any CPU
		{F247F6AF-F4A4-47D4-A4ED-F88106CCC0FE}.Debug|Any CPU.Build.0 = Debug|Any CPU
		{F247F6AF-F4A4-47D4-A4ED-F88106CCC0FE}.Debug|Mixed Platforms.ActiveCfg = Debug|Any CPU
		{F247F6AF-F4A4-47D4-A4ED-F88106CCC0FE}.Debug|Mixed Platforms.Build.0 = Debug|Any CPU
		{F247F6AF-F4A4-47D4-A4ED-F88106CCC0FE}.Debug|x86.ActiveCfg = Debug|Any CPU
		{F247F6AF-F4A4-47D4-A4ED-F88106CCC0FE}.Release|Any CPU.ActiveCfg = Release|Any CPU
		{F247F6AF-F4A4-47D4-A4ED-F88106CCC0FE}.Release|Any CPU.Build.0 = Release|Any CPU
		{F247F6AF-F4A4-47D4-A4ED-F88106CCC0FE}.Release|Mixed Platforms.ActiveCfg = Release|Any CPU
		{F247F6AF-F4A4-47D4-A4ED-F88106CCC0FE}.Release|Mixed Platforms.Build.0 = Release|Any CPU
		{F247F6AF-F4A4-47D4-A4ED-F88106CCC0FE}.Release|x86.ActiveCfg = Release|Any CPU
		{D233F5EA-0FC1-47FA-9260-5894EE0319C8}.Debug|Any CPU.ActiveCfg = Debug|Any CPU
		{D233F5EA-0FC1-47FA-9260-5894EE0319C8}.Debug|Any CPU.Build.0 = Debug|Any CPU
		{D233F5EA-0FC1-47FA-9260-5894EE0319C8}.Debug|Mixed Platforms.ActiveCfg = Debug|Any CPU
		{D233F5EA-0FC1-47FA-9260-5894EE0319C8}.Debug|Mixed Platforms.Build.0 = Debug|Any CPU
		{D233F5EA-0FC1-47FA-9260-5894EE0319C8}.Debug|x86.ActiveCfg = Debug|Any CPU
		{D233F5EA-0FC1-47FA-9260-5894EE0319C8}.Release|Any CPU.ActiveCfg = Release|Any CPU
		{D233F5EA-0FC1-47FA-9260-5894EE0319C8}.Release|Any CPU.Build.0 = Release|Any CPU
		{D233F5EA-0FC1-47FA-9260-5894EE0319C8}.Release|Mixed Platforms.ActiveCfg = Release|Any CPU
		{D233F5EA-0FC1-47FA-9260-5894EE0319C8}.Release|Mixed Platforms.Build.0 = Release|Any CPU
		{D233F5EA-0FC1-47FA-9260-5894EE0319C8}.Release|x86.ActiveCfg = Release|Any CPU
		{9D73A240-A7A4-4B55-ADB6-8041C81D204C}.Debug|Any CPU.ActiveCfg = Debug|x86
		{9D73A240-A7A4-4B55-ADB6-8041C81D204C}.Debug|Mixed Platforms.ActiveCfg = Debug|x86
		{9D73A240-A7A4-4B55-ADB6-8041C81D204C}.Debug|Mixed Platforms.Build.0 = Debug|x86
		{9D73A240-A7A4-4B55-ADB6-8041C81D204C}.Debug|x86.ActiveCfg = Debug|x86
		{9D73A240-A7A4-4B55-ADB6-8041C81D204C}.Debug|x86.Build.0 = Debug|x86
		{9D73A240-A7A4-4B55-ADB6-8041C81D204C}.Release|Any CPU.ActiveCfg = Release|x86
		{9D73A240-A7A4-4B55-ADB6-8041C81D204C}.Release|Mixed Platforms.ActiveCfg = Release|x86
		{9D73A240-A7A4-4B55-ADB6-8041C81D204C}.Release|Mixed Platforms.Build.0 = Release|x86
		{9D73A240-A7A4-4B55-ADB6-8041C81D204C}.Release|x86.ActiveCfg = Release|x86
		{9D73A240-A7A4-4B55-ADB6-8041C81D204C}.Release|x86.Build.0 = Release|x86
	EndGlobalSection
	GlobalSection(SolutionProperties) = preSolution
		HideSolutionNode = FALSE
	EndGlobalSection
EndGlobal
