
Microsoft Visual Studio Solution File, Format Version 11.00
# Visual Studio 2010
Project("{FAE04EC0-301F-11D3-BF4B-00C04F79EFBC}") = "Euler_28_tests", "Euler_28_tests.csproj", "{BA89CE3B-94F5-454D-B2D4-B96350598C5C}"
EndProject
Project("{FAE04EC0-301F-11D3-BF4B-00C04F79EFBC}") = "Euler_28", "..\Euler_28\Euler_28.csproj", "{2190EF23-E552-4DBA-866C-68DA91B8FD64}"
EndProject
Global
	GlobalSection(SolutionConfigurationPlatforms) = preSolution
		Debug|Any CPU = Debug|Any CPU
		Release|Any CPU = Release|Any CPU
	EndGlobalSection
	GlobalSection(ProjectConfigurationPlatforms) = postSolution
		{BA89CE3B-94F5-454D-B2D4-B96350598C5C}.Debug|Any CPU.ActiveCfg = Debug|Any CPU
		{BA89CE3B-94F5-454D-B2D4-B96350598C5C}.Debug|Any CPU.Build.0 = Debug|Any CPU
		{BA89CE3B-94F5-454D-B2D4-B96350598C5C}.Release|Any CPU.ActiveCfg = Release|Any CPU
		{BA89CE3B-94F5-454D-B2D4-B96350598C5C}.Release|Any CPU.Build.0 = Release|Any CPU
		{2190EF23-E552-4DBA-866C-68DA91B8FD64}.Debug|Any CPU.ActiveCfg = Debug|Any CPU
		{2190EF23-E552-4DBA-866C-68DA91B8FD64}.Debug|Any CPU.Build.0 = Debug|Any CPU
		{2190EF23-E552-4DBA-866C-68DA91B8FD64}.Release|Any CPU.ActiveCfg = Release|Any CPU
		{2190EF23-E552-4DBA-866C-68DA91B8FD64}.Release|Any CPU.Build.0 = Release|Any CPU
	EndGlobalSection
	GlobalSection(SolutionProperties) = preSolution
		HideSolutionNode = FALSE
	EndGlobalSection
EndGlobal
