
Microsoft Visual Studio Solution File, Format Version 11.00
# Visual Studio 2010
Project("{FAE04EC0-301F-11D3-BF4B-00C04F79EFBC}") = "Euler_22", "Euler_22\Euler_22.csproj", "{D171AA76-0B93-4D96-8F9B-F2D500C368F9}"
EndProject
Global
	GlobalSection(SolutionConfigurationPlatforms) = preSolution
		Debug|Any CPU = Debug|Any CPU
		Release|Any CPU = Release|Any CPU
	EndGlobalSection
	GlobalSection(ProjectConfigurationPlatforms) = postSolution
		{D171AA76-0B93-4D96-8F9B-F2D500C368F9}.Debug|Any CPU.ActiveCfg = Debug|Any CPU
		{D171AA76-0B93-4D96-8F9B-F2D500C368F9}.Debug|Any CPU.Build.0 = Debug|Any CPU
		{D171AA76-0B93-4D96-8F9B-F2D500C368F9}.Release|Any CPU.ActiveCfg = Release|Any CPU
		{D171AA76-0B93-4D96-8F9B-F2D500C368F9}.Release|Any CPU.Build.0 = Release|Any CPU
	EndGlobalSection
	GlobalSection(SolutionProperties) = preSolution
		HideSolutionNode = FALSE
	EndGlobalSection
EndGlobal
